
Microsoft Visual Studio Solution File, Format Version 12.00
# Visual Studio Version 16
VisualStudioVersion = 16.0.28922.388
MinimumVisualStudioVersion = 10.0.40219.1
Project("{803FD0C6-D64E-4E16-9DC3-1DAEC859A3D2}") = "WiFi_Dongle", "WiFi_Dongle.vgdbproj", "{35C8EF79-383E-4541-A910-E92637D93980}"
EndProject
Global
	GlobalSection(SolutionConfigurationPlatforms) = preSolution
		Debug|VisualGDB = Debug|VisualGDB
		Release|VisualGDB = Release|VisualGDB
	EndGlobalSection
	GlobalSection(ProjectConfigurationPlatforms) = postSolution
		{35C8EF79-383E-4541-A910-E92637D93980}.Debug|VisualGDB.ActiveCfg = Debug|VisualGDB
		{35C8EF79-383E-4541-A910-E92637D93980}.Debug|VisualGDB.Build.0 = Debug|VisualGDB
		{35C8EF79-383E-4541-A910-E92637D93980}.Release|VisualGDB.ActiveCfg = Release|VisualGDB
		{35C8EF79-383E-4541-A910-E92637D93980}.Release|VisualGDB.Build.0 = Release|VisualGDB
	EndGlobalSection
	GlobalSection(SolutionProperties) = preSolution
		HideSolutionNode = FALSE
	EndGlobalSection
	GlobalSection(ExtensibilityGlobals) = postSolution
		SolutionGuid = {3F05FBBA-861E-48CA-80C2-59A669339DBA}
	EndGlobalSection
EndGlobal
